Microsoft Visual Studio Solution File, Format Version 12.00
# Visual Studio Version 17
VisualStudioVersion = 17.3.32929.385
MinimumVisualStudioVersion = 10.0.40219.1
Project("{9A19103F-16F7-4668-BE54-9A1E7A4F7556}") = "ConfigurableMaps", "ConfigurableMaps\ConfigurableMaps.csproj", "{1958417B-58D0-45D3-947A-E7C93E1BF98F}"
EndProject
Global
	GlobalSection(SolutionConfigurationPlatforms) = preSolution
		Debug|Any CPU = Debug|Any CPU
		Release|Any CPU = Release|Any CPU
	EndGlobalSection
	GlobalSection(ProjectConfigurationPlatforms) = postSolution
		{1958417B-58D0-45D3-947A-E7C93E1BF98F}.Debug|Any CPU.ActiveCfg = Debug|Any CPU
		{1958417B-58D0-45D3-947A-E7C93E1BF98F}.Debug|Any CPU.Build.0 = Debug|Any CPU
		{1958417B-58D0-45D3-947A-E7C93E1BF98F}.Release|Any CPU.ActiveCfg = Release|Any CPU
		{1958417B-58D0-45D3-947A-E7C93E1BF98F}.Release|Any CPU.Build.0 = Release|Any CPU
	EndGlobalSection
	GlobalSection(SolutionProperties) = preSolution
		HideSolutionNode = FALSE
	EndGlobalSection
	GlobalSection(ExtensibilityGlobals) = postSolution
		SolutionGuid = {7d2dd24b-1171-40fd-b0e3-fb80654a1855}
	EndGlobalSection
EndGlobal
